
Microsoft Visual Studio Solution File, Format Version 12.00
# Visual Studio Version 16
VisualStudioVersion = 25.0.1700.0
MinimumVisualStudioVersion = 10.0.40219.1
Project("{FAE04EC0-301F-11D3-BF4B-00C04F79EFBC}") = "Sandbox.PricingSchedule.UI", "Sandbox.PricingSchedule.UI\Sandbox.PricingSchedule.UI.csproj", "{3CEDA476-34FA-416A-AD8E-36870716D6BF}"
EndProject
Project("{FAE04EC0-301F-11D3-BF4B-00C04F79EFBC}") = "Sandbox.PricingSchedule.API", "Sandbox.PricingSchedule.API\Sandbox.PricingSchedule.API.csproj", "{CC6E1CBF-C7BE-45D4-83AC-2A1D379D1B95}"
EndProject
Project("{FAE04EC0-301F-11D3-BF4B-00C04F79EFBC}") = "Sandbox.PricingSchedule.Data", "Sandbox.PricingSchedule.Data\Sandbox.PricingSchedule.Data.csproj", "{38DDD5AE-8F42-40F0-BF2A-4CED4BB38F60}"
EndProject
Project("{FAE04EC0-301F-11D3-BF4B-00C04F79EFBC}") = "Sandbox.PricingSchedule.Shared", "Sandbox.PricingSchedule.Shared\Sandbox.PricingSchedule.Shared.csproj", "{BCD862D9-C28A-4158-8D81-E34941C60DAC}"
EndProject
Project("{2150E333-8FDC-42A3-9474-1A3956D46DE8}") = "Solution Items", "Solution Items", "{5B2D66F6-0DD1-4A0A-89C8-EDB9048F13AE}"
	ProjectSection(SolutionItems) = preProject
		.editorconfig = .editorconfig
	EndProjectSection
EndProject
Global
	GlobalSection(SolutionConfigurationPlatforms) = preSolution
		Debug|Any CPU = Debug|Any CPU
		Release|Any CPU = Release|Any CPU
	EndGlobalSection
	GlobalSection(ProjectConfigurationPlatforms) = postSolution
		{3CEDA476-34FA-416A-AD8E-36870716D6BF}.Debug|Any CPU.ActiveCfg = Debug|Any CPU
		{3CEDA476-34FA-416A-AD8E-36870716D6BF}.Debug|Any CPU.Build.0 = Debug|Any CPU
		{3CEDA476-34FA-416A-AD8E-36870716D6BF}.Release|Any CPU.ActiveCfg = Release|Any CPU
		{3CEDA476-34FA-416A-AD8E-36870716D6BF}.Release|Any CPU.Build.0 = Release|Any CPU
		{CC6E1CBF-C7BE-45D4-83AC-2A1D379D1B95}.Debug|Any CPU.ActiveCfg = Debug|Any CPU
		{CC6E1CBF-C7BE-45D4-83AC-2A1D379D1B95}.Debug|Any CPU.Build.0 = Debug|Any CPU
		{CC6E1CBF-C7BE-45D4-83AC-2A1D379D1B95}.Release|Any CPU.ActiveCfg = Release|Any CPU
		{CC6E1CBF-C7BE-45D4-83AC-2A1D379D1B95}.Release|Any CPU.Build.0 = Release|Any CPU
		{38DDD5AE-8F42-40F0-BF2A-4CED4BB38F60}.Debug|Any CPU.ActiveCfg = Debug|Any CPU
		{38DDD5AE-8F42-40F0-BF2A-4CED4BB38F60}.Debug|Any CPU.Build.0 = Debug|Any CPU
		{38DDD5AE-8F42-40F0-BF2A-4CED4BB38F60}.Release|Any CPU.ActiveCfg = Release|Any CPU
		{38DDD5AE-8F42-40F0-BF2A-4CED4BB38F60}.Release|Any CPU.Build.0 = Release|Any CPU
		{BCD862D9-C28A-4158-8D81-E34941C60DAC}.Debug|Any CPU.ActiveCfg = Debug|Any CPU
		{BCD862D9-C28A-4158-8D81-E34941C60DAC}.Debug|Any CPU.Build.0 = Debug|Any CPU
		{BCD862D9-C28A-4158-8D81-E34941C60DAC}.Release|Any CPU.ActiveCfg = Release|Any CPU
		{BCD862D9-C28A-4158-8D81-E34941C60DAC}.Release|Any CPU.Build.0 = Release|Any CPU
	EndGlobalSection
	GlobalSection(SolutionProperties) = preSolution
		HideSolutionNode = FALSE
	EndGlobalSection
	GlobalSection(ExtensibilityGlobals) = postSolution
		SolutionGuid = {20F07708-EB71-4298-806F-7B44D54DD080}
	EndGlobalSection
EndGlobal
